
Microsoft Visual Studio Solution File, Format Version 12.00
# Visual Studio Version 17
VisualStudioVersion = 17.14.36518.9 d17.14
MinimumVisualStudioVersion = 10.0.40219.1
Project("{FAE04EC0-301F-11D3-BF4B-00C04F79EFBC}") = "V3DEWindow", "V3DEWindow\V3DEWindow.csproj", "{309723B9-0865-4F07-A007-E382865804AD}"
EndProject
Global
	GlobalSection(SolutionConfigurationPlatforms) = preSolution
		Debug|Any CPU = Debug|Any CPU
		Release|Any CPU = Release|Any CPU
	EndGlobalSection
	GlobalSection(ProjectConfigurationPlatforms) = postSolution
		{309723B9-0865-4F07-A007-E382865804AD}.Debug|Any CPU.ActiveCfg = Debug|Any CPU
		{309723B9-0865-4F07-A007-E382865804AD}.Debug|Any CPU.Build.0 = Debug|Any CPU
		{309723B9-0865-4F07-A007-E382865804AD}.Release|Any CPU.ActiveCfg = Release|Any CPU
		{309723B9-0865-4F07-A007-E382865804AD}.Release|Any CPU.Build.0 = Release|Any CPU
	EndGlobalSection
	GlobalSection(SolutionProperties) = preSolution
		HideSolutionNode = FALSE
	EndGlobalSection
	GlobalSection(ExtensibilityGlobals) = postSolution
		SolutionGuid = {A3EF3A20-8C4C-471B-B653-7A8DBECAB5DD}
	EndGlobalSection
EndGlobal
